// !$*UTF8*$!
{
	archiveVersion = 1;
	classes = {
	};
	objectVersion = 56;
	objects = {

/* Begin PBXBuildFile section */
		8BD567C529CD6CC400757258 /* EditView.swift in Sources */ = {isa = PBXBuildFile; fileRef = 8BD567C429CD6CC400757258 /* EditView.swift */; };
		8BE6406F29ADD2BE008A79C7 /* UserDefaultsManager.swift in Sources */ = {isa = PBXBuildFile; fileRef = 8BE6406E29ADD2BE008A79C7 /* UserDefaultsManager.swift */; };
		8BE7D8BB29ABE85A0086DABA /* ShortTaskMemoApp.swift in Sources */ = {isa = PBXBuildFile; fileRef = 8BE7D8BA29ABE85A0086DABA /* ShortTaskMemoApp.swift */; };
		8BE7D8BD29ABE85A0086DABA /* TabItemView.swift in Sources */ = {isa = PBXBuildFile; fileRef = 8BE7D8BC29ABE85A0086DABA /* TabItemView.swift */; };
		8BE7D8BF29ABE85B0086DABA /* Assets.xcassets in Resources */ = {isa = PBXBuildFile; fileRef = 8BE7D8BE29ABE85B0086DABA /* Assets.xcassets */; };
		8BE7D8C229ABE85B0086DABA /* Preview Assets.xcassets in Resources */ = {isa = PBXBuildFile; fileRef = 8BE7D8C129ABE85B0086DABA /* Preview Assets.xcassets */; };
		8BE7D8C929ABE8960086DABA /* TaskModel.swift in Sources */ = {isa = PBXBuildFile; fileRef = 8BE7D8C829ABE8960086DABA /* TaskModel.swift */; };
		8BE7D8CE29ABE9FF0086DABA /* DayTaskViewModel.swift in Sources */ = {isa = PBXBuildFile; fileRef = 8BE7D8CD29ABE9FF0086DABA /* DayTaskViewModel.swift */; };
		8BE7D8D029ABEB7A0086DABA /* DayTaskListView.swift in Sources */ = {isa = PBXBuildFile; fileRef = 8BE7D8CF29ABEB7A0086DABA /* DayTaskListView.swift */; };
		8BE7D8D229ABEC420086DABA /* PlusButton.swift in Sources */ = {isa = PBXBuildFile; fileRef = 8BE7D8D129ABEC420086DABA /* PlusButton.swift */; };
		8BE7D8D429ABED160086DABA /* AddTaskView.swift in Sources */ = {isa = PBXBuildFile; fileRef = 8BE7D8D329ABED160086DABA /* AddTaskView.swift */; };
		8BE7D8D629ABEF670086DABA /* ListItemView.swift in Sources */ = {isa = PBXBuildFile; fileRef = 8BE7D8D529ABEF670086DABA /* ListItemView.swift */; };
		8BE7D8D829ABF7340086DABA /* WeekTaskViewModel.swift in Sources */ = {isa = PBXBuildFile; fileRef = 8BE7D8D729ABF7340086DABA /* WeekTaskViewModel.swift */; };
		8BE7D8DA29ABF7710086DABA /* MonthTaskViewModel.swift in Sources */ = {isa = PBXBuildFile; fileRef = 8BE7D8D929ABF7710086DABA /* MonthTaskViewModel.swift */; };
		8BE7D8DC29ABF82C0086DABA /* WeekTaskListView.swift in Sources */ = {isa = PBXBuildFile; fileRef = 8BE7D8DB29ABF82C0086DABA /* WeekTaskListView.swift */; };
		8BE7D8DE29ABF8860086DABA /* MonthTaskListView.swift in Sources */ = {isa = PBXBuildFile; fileRef = 8BE7D8DD29ABF8860086DABA /* MonthTaskListView.swift */; };
/* End PBXBuildFile section */

/* Begin PBXFileReference section */
		8BD567C429CD6CC400757258 /* EditView.swift */ = {isa = PBXFileReference; lastKnownFileType = sourcecode.swift; path = EditView.swift; sourceTree = "<group>"; };
		8BE6406E29ADD2BE008A79C7 /* UserDefaultsManager.swift */ = {isa = PBXFileReference; lastKnownFileType = sourcecode.swift; path = UserDefaultsManager.swift; sourceTree = "<group>"; };
		8BE7D8B729ABE85A0086DABA /* ShortTaskMemo.app */ = {isa = PBXFileReference; explicitFileType = wrapper.application; includeInIndex = 0; path = ShortTaskMemo.app; sourceTree = BUILT_PRODUCTS_DIR; };
		8BE7D8BA29ABE85A0086DABA /* ShortTaskMemoApp.swift */ = {isa = PBXFileReference; lastKnownFileType = sourcecode.swift; path = ShortTaskMemoApp.swift; sourceTree = "<group>"; };
		8BE7D8BC29ABE85A0086DABA /* TabItemView.swift */ = {isa = PBXFileReference; lastKnownFileType = sourcecode.swift; path = TabItemView.swift; sourceTree = "<group>"; };
		8BE7D8BE29ABE85B0086DABA /* Assets.xcassets */ = {isa = PBXFileReference; lastKnownFileType = folder.assetcatalog; path = Assets.xcassets; sourceTree = "<group>"; };
		8BE7D8C129ABE85B0086DABA /* Preview Assets.xcassets */ = {isa = PBXFileReference; lastKnownFileType = folder.assetcatalog; path = "Preview Assets.xcassets"; sourceTree = "<group>"; };
		8BE7D8C829ABE8960086DABA /* TaskModel.swift */ = {isa = PBXFileReference; lastKnownFileType = sourcecode.swift; path = TaskModel.swift; sourceTree = "<group>"; };
		8BE7D8CD29ABE9FF0086DABA /* DayTaskViewModel.swift */ = {isa = PBXFileReference; lastKnownFileType = sourcecode.swift; path = DayTaskViewModel.swift; sourceTree = "<group>"; };
		8BE7D8CF29ABEB7A0086DABA /* DayTaskListView.swift */ = {isa = PBXFileReference; lastKnownFileType = sourcecode.swift; path = DayTaskListView.swift; sourceTree = "<group>"; };
		8BE7D8D129ABEC420086DABA /* PlusButton.swift */ = {isa = PBXFileReference; lastKnownFileType = sourcecode.swift; path = PlusButton.swift; sourceTree = "<group>"; };
		8BE7D8D329ABED160086DABA /* AddTaskView.swift */ = {isa = PBXFileReference; lastKnownFileType = sourcecode.swift; path = AddTaskView.swift; sourceTree = "<group>"; };
		8BE7D8D529ABEF670086DABA /* ListItemView.swift */ = {isa = PBXFileReference; lastKnownFileType = sourcecode.swift; path = ListItemView.swift; sourceTree = "<group>"; };
		8BE7D8D729ABF7340086DABA /* WeekTaskViewModel.swift */ = {isa = PBXFileReference; lastKnownFileType = sourcecode.swift; path = WeekTaskViewModel.swift; sourceTree = "<group>"; };
		8BE7D8D929ABF7710086DABA /* MonthTaskViewModel.swift */ = {isa = PBXFileReference; lastKnownFileType = sourcecode.swift; path = MonthTaskViewModel.swift; sourceTree = "<group>"; };
		8BE7D8DB29ABF82C0086DABA /* WeekTaskListView.swift */ = {isa = PBXFileReference; lastKnownFileType = sourcecode.swift; path = WeekTaskListView.swift; sourceTree = "<group>"; };
		8BE7D8DD29ABF8860086DABA /* MonthTaskListView.swift */ = {isa = PBXFileReference; lastKnownFileType = sourcecode.swift; path = MonthTaskListView.swift; sourceTree = "<group>"; };
/* End PBXFileReference section */

/* Begin PBXFrameworksBuildPhase section */
		8BE7D8B429ABE85A0086DABA /* Frameworks */ = {
			isa = PBXFrameworksBuildPhase;
			buildActionMask = 2147483647;
			files = (
			);
			runOnlyForDeploymentPostprocessing = 0;
		};
/* End PBXFrameworksBuildPhase section */

/* Begin PBXGroup section */
		8BE7D8AE29ABE85A0086DABA = {
			isa = PBXGroup;
			children = (
				8BE7D8B929ABE85A0086DABA /* ShortTaskMemo */,
				8BE7D8B829ABE85A0086DABA /* Products */,
			);
			sourceTree = "<group>";
		};
		8BE7D8B829ABE85A0086DABA /* Products */ = {
			isa = PBXGroup;
			children = (
				8BE7D8B729ABE85A0086DABA /* ShortTaskMemo.app */,
			);
			name = Products;
			sourceTree = "<group>";
		};
		8BE7D8B929ABE85A0086DABA /* ShortTaskMemo */ = {
			isa = PBXGroup;
			children = (
				8BE7D8BA29ABE85A0086DABA /* ShortTaskMemoApp.swift */,
				8BE7D8CA29ABE8FF0086DABA /* Model */,
				8BE7D8CC29ABE9100086DABA /* View */,
				8BE7D8CB29ABE9060086DABA /* ViewModel */,
				8BE7D8BE29ABE85B0086DABA /* Assets.xcassets */,
				8BE7D8C029ABE85B0086DABA /* Preview Content */,
			);
			path = ShortTaskMemo;
			sourceTree = "<group>";
		};
		8BE7D8C029ABE85B0086DABA /* Preview Content */ = {
			isa = PBXGroup;
			children = (
				8BE7D8C129ABE85B0086DABA /* Preview Assets.xcassets */,
			);
			path = "Preview Content";
			sourceTree = "<group>";
		};
		8BE7D8CA29ABE8FF0086DABA /* Model */ = {
			isa = PBXGroup;
			children = (
				8BE7D8C829ABE8960086DABA /* TaskModel.swift */,
				8BE6406E29ADD2BE008A79C7 /* UserDefaultsManager.swift */,
			);
			path = Model;
			sourceTree = "<group>";
		};
		8BE7D8CB29ABE9060086DABA /* ViewModel */ = {
			isa = PBXGroup;
			children = (
				8BE7D8CD29ABE9FF0086DABA /* DayTaskViewModel.swift */,
				8BE7D8D729ABF7340086DABA /* WeekTaskViewModel.swift */,
				8BE7D8D929ABF7710086DABA /* MonthTaskViewModel.swift */,
			);
			path = ViewModel;
			sourceTree = "<group>";
		};
		8BE7D8CC29ABE9100086DABA /* View */ = {
			isa = PBXGroup;
			children = (
				8BE7D8BC29ABE85A0086DABA /* TabItemView.swift */,
				8BE7D8CF29ABEB7A0086DABA /* DayTaskListView.swift */,
				8BE7D8DB29ABF82C0086DABA /* WeekTaskListView.swift */,
				8BE7D8DD29ABF8860086DABA /* MonthTaskListView.swift */,
				8BE7D8D129ABEC420086DABA /* PlusButton.swift */,
				8BE7D8D329ABED160086DABA /* AddTaskView.swift */,
				8BE7D8D529ABEF670086DABA /* ListItemView.swift */,
				8BD567C429CD6CC400757258 /* EditView.swift */,
			);
			path = View;
			sourceTree = "<group>";
		};
/* End PBXGroup section */

/* Begin PBXNativeTarget section */
		8BE7D8B629ABE85A0086DABA /* ShortTaskMemo */ = {
			isa = PBXNativeTarget;
			buildConfigurationList = 8BE7D8C529ABE85B0086DABA /* Build configuration list for PBXNativeTarget "ShortTaskMemo" */;
			buildPhases = (
				8BE7D8B329ABE85A0086DABA /* Sources */,
				8BE7D8B429ABE85A0086DABA /* Frameworks */,
				8BE7D8B529ABE85A0086DABA /* Resources */,
			);
			buildRules = (
			);
			dependencies = (
			);
			name = ShortTaskMemo;
			productName = ShortTaskMemo;
			productReference = 8BE7D8B729ABE85A0086DABA /* ShortTaskMemo.app */;
			productType = "com.apple.product-type.application";
		};
/* End PBXNativeTarget section */

/* Begin PBXProject section */
		8BE7D8AF29ABE85A0086DABA /* Project object */ = {
			isa = PBXProject;
			attributes = {
				BuildIndependentTargetsInParallel = 1;
				LastSwiftUpdateCheck = 1420;
				LastUpgradeCheck = 1420;
				TargetAttributes = {
					8BE7D8B629ABE85A0086DABA = {
						CreatedOnToolsVersion = 14.2;
					};
				};
			};
			buildConfigurationList = 8BE7D8B229ABE85A0086DABA /* Build configuration list for PBXProject "ShortTaskMemo" */;
			compatibilityVersion = "Xcode 14.0";
			developmentRegion = en;
			hasScannedForEncodings = 0;
			knownRegions = (
				en,
				Base,
			);
			mainGroup = 8BE7D8AE29ABE85A0086DABA;
			productRefGroup = 8BE7D8B829ABE85A0086DABA /* Products */;
			projectDirPath = "";
			projectRoot = "";
			targets = (
				8BE7D8B629ABE85A0086DABA /* ShortTaskMemo */,
			);
		};
/* End PBXProject section */

/* Begin PBXResourcesBuildPhase section */
		8BE7D8B529ABE85A0086DABA /* Resources */ = {
			isa = PBXResourcesBuildPhase;
			buildActionMask = 2147483647;
			files = (
				8BE7D8C229ABE85B0086DABA /* Preview Assets.xcassets in Resources */,
				8BE7D8BF29ABE85B0086DABA /* Assets.xcassets in Resources */,
			);
			runOnlyForDeploymentPostprocessing = 0;
		};
/* End PBXResourcesBuildPhase section */

/* Begin PBXSourcesBuildPhase section */
		8BE7D8B329ABE85A0086DABA /* Sources */ = {
			isa = PBXSourcesBuildPhase;
			buildActionMask = 2147483647;
			files = (
				8BE7D8C929ABE8960086DABA /* TaskModel.swift in Sources */,
				8BE7D8DC29ABF82C0086DABA /* WeekTaskListView.swift in Sources */,
				8BE7D8D429ABED160086DABA /* AddTaskView.swift in Sources */,
				8BE6406F29ADD2BE008A79C7 /* UserDefaultsManager.swift in Sources */,
				8BD567C529CD6CC400757258 /* EditView.swift in Sources */,
				8BE7D8DA29ABF7710086DABA /* MonthTaskViewModel.swift in Sources */,
				8BE7D8BD29ABE85A0086DABA /* TabItemView.swift in Sources */,
				8BE7D8D629ABEF670086DABA /* ListItemView.swift in Sources */,
				8BE7D8D829ABF7340086DABA /* WeekTaskViewModel.swift in Sources */,
				8BE7D8CE29ABE9FF0086DABA /* DayTaskViewModel.swift in Sources */,
				8BE7D8BB29ABE85A0086DABA /* ShortTaskMemoApp.swift in Sources */,
				8BE7D8D029ABEB7A0086DABA /* DayTaskListView.swift in Sources */,
				8BE7D8DE29ABF8860086DABA /* MonthTaskListView.swift in Sources */,
				8BE7D8D229ABEC420086DABA /* PlusButton.swift in Sources */,
			);
			runOnlyForDeploymentPostprocessing = 0;
		};
/* End PBXSourcesBuildPhase section */

/* Begin XCBuildConfiguration section */
		8BE7D8C329ABE85B0086DABA /* Debug */ = {
			isa = XCBuildConfiguration;
			buildSettings = {
				ALWAYS_SEARCH_USER_PATHS = NO;
				CLANG_ANALYZER_NONNULL = YES;
				CLANG_ANALYZER_NUMBER_OBJECT_CONVERSION = YES_AGGRESSIVE;
				CLANG_CXX_LANGUAGE_STANDARD = "gnu++20";
				CLANG_ENABLE_MODULES = YES;
				CLANG_ENABLE_OBJC_ARC = YES;
				CLANG_ENABLE_OBJC_WEAK = YES;
				CLANG_WARN_BLOCK_CAPTURE_AUTORELEASING = YES;
				CLANG_WARN_BOOL_CONVERSION = YES;
				CLANG_WARN_COMMA = YES;
				CLANG_WARN_CONSTANT_CONVERSION = YES;
				CLANG_WARN_DEPRECATED_OBJC_IMPLEMENTATIONS = YES;
				CLANG_WARN_DIRECT_OBJC_ISA_USAGE = YES_ERROR;
				CLANG_WARN_DOCUMENTATION_COMMENTS = YES;
				CLANG_WARN_EMPTY_BODY = YES;
				CLANG_WARN_ENUM_CONVERSION = YES;
				CLANG_WARN_INFINITE_RECURSION = YES;
				CLANG_WARN_INT_CONVERSION = YES;
				CLANG_WARN_NON_LITERAL_NULL_CONVERSION = YES;
				CLANG_WARN_OBJC_IMPLICIT_RETAIN_SELF = YES;
				CLANG_WARN_OBJC_LITERAL_CONVERSION = YES;
				CLANG_WARN_OBJC_ROOT_CLASS = YES_ERROR;
				CLANG_WARN_QUOTED_INCLUDE_IN_FRAMEWORK_HEADER = YES;
				CLANG_WARN_RANGE_LOOP_ANALYSIS = YES;
				CLANG_WARN_STRICT_PROTOTYPES = YES;
				CLANG_WARN_SUSPICIOUS_MOVE = YES;
				CLANG_WARN_UNGUARDED_AVAILABILITY = YES_AGGRESSIVE;
				CLANG_WARN_UNREACHABLE_CODE = YES;
				CLANG_WARN__DUPLICATE_METHOD_MATCH = YES;
				COPY_PHASE_STRIP = NO;
				DEBUG_INFORMATION_FORMAT = dwarf;
				ENABLE_STRICT_OBJC_MSGSEND = YES;
				ENABLE_TESTABILITY = YES;
				GCC_C_LANGUAGE_STANDARD = gnu11;
				GCC_DYNAMIC_NO_PIC = NO;
				GCC_NO_COMMON_BLOCKS = YES;
				GCC_OPTIMIZATION_LEVEL = 0;
				GCC_PREPROCESSOR_DEFINITIONS = (
					"DEBUG=1",
					"$(inherited)",
				);
				GCC_WARN_64_TO_32_BIT_CONVERSION = YES;
				GCC_WARN_ABOUT_RETURN_TYPE = YES_ERROR;
				GCC_WARN_UNDECLARED_SELECTOR = YES;
				GCC_WARN_UNINITIALIZED_AUTOS = YES_AGGRESSIVE;
				GCC_WARN_UNUSED_FUNCTION = YES;
				GCC_WARN_UNUSED_VARIABLE = YES;
				IPHONEOS_DEPLOYMENT_TARGET = 16.2;
				MTL_ENABLE_DEBUG_INFO = INCLUDE_SOURCE;
				MTL_FAST_MATH = YES;
				ONLY_ACTIVE_ARCH = YES;
				SDKROOT = iphoneos;
				SWIFT_ACTIVE_COMPILATION_CONDITIONS = DEBUG;
				SWIFT_OPTIMIZATION_LEVEL = "-Onone";
			};
			name = Debug;
		};
		8BE7D8C429ABE85B0086DABA /* Release */ = {
			isa = XCBuildConfiguration;
			buildSettings = {
				ALWAYS_SEARCH_USER_PATHS = NO;
				CLANG_ANALYZER_NONNULL = YES;
				CLANG_ANALYZER_NUMBER_OBJECT_CONVERSION = YES_AGGRESSIVE;
				CLANG_CXX_LANGUAGE_STANDARD = "gnu++20";
				CLANG_ENABLE_MODULES = YES;
				CLANG_ENABLE_OBJC_ARC = YES;
				CLANG_ENABLE_OBJC_WEAK = YES;
				CLANG_WARN_BLOCK_CAPTURE_AUTORELEASING = YES;
				CLANG_WARN_BOOL_CONVERSION = YES;
				CLANG_WARN_COMMA = YES;
				CLANG_WARN_CONSTANT_CONVERSION = YES;
				CLANG_WARN_DEPRECATED_OBJC_IMPLEMENTATIONS = YES;
				CLANG_WARN_DIRECT_OBJC_ISA_USAGE = YES_ERROR;
				CLANG_WARN_DOCUMENTATION_COMMENTS = YES;
				CLANG_WARN_EMPTY_BODY = YES;
				CLANG_WARN_ENUM_CONVERSION = YES;
				CLANG_WARN_INFINITE_RECURSION = YES;
				CLANG_WARN_INT_CONVERSION = YES;
				CLANG_WARN_NON_LITERAL_NULL_CONVERSION = YES;
				CLANG_WARN_OBJC_IMPLICIT_RETAIN_SELF = YES;
				CLANG_WARN_OBJC_LITERAL_CONVERSION = YES;
				CLANG_WARN_OBJC_ROOT_CLASS = YES_ERROR;
				CLANG_WARN_QUOTED_INCLUDE_IN_FRAMEWORK_HEADER = YES;
				CLANG_WARN_RANGE_LOOP_ANALYSIS = YES;
				CLANG_WARN_STRICT_PROTOTYPES = YES;
				CLANG_WARN_SUSPICIOUS_MOVE = YES;
				CLANG_WARN_UNGUARDED_AVAILABILITY = YES_AGGRESSIVE;
				CLANG_WARN_UNREACHABLE_CODE = YES;
				CLANG_WARN__DUPLICATE_METHOD_MATCH = YES;
				COPY_PHASE_STRIP = NO;
				DEBUG_INFORMATION_FORMAT = "dwarf-with-dsym";
				ENABLE_NS_ASSERTIONS = NO;
				ENABLE_STRICT_OBJC_MSGSEND = YES;
				GCC_C_LANGUAGE_STANDARD = gnu11;
				GCC_NO_COMMON_BLOCKS = YES;
				GCC_WARN_64_TO_32_BIT_CONVERSION = YES;
				GCC_WARN_ABOUT_RETURN_TYPE = YES_ERROR;
				GCC_WARN_UNDECLARED_SELECTOR = YES;
				GCC_WARN_UNINITIALIZED_AUTOS = YES_AGGRESSIVE;
				GCC_WARN_UNUSED_FUNCTION = YES;
				GCC_WARN_UNUSED_VARIABLE = YES;
				IPHONEOS_DEPLOYMENT_TARGET = 16.2;
				MTL_ENABLE_DEBUG_INFO = NO;
				MTL_FAST_MATH = YES;
				SDKROOT = iphoneos;
				SWIFT_COMPILATION_MODE = wholemodule;
				SWIFT_OPTIMIZATION_LEVEL = "-O";
				VALIDATE_PRODUCT = YES;
			};
			name = Release;
		};
		8BE7D8C629ABE85B0086DABA /* Debug */ = {
			isa = XCBuildConfiguration;
			buildSettings = {
				ASSETCATALOG_COMPILER_APPICON_NAME = AppIcon;
				ASSETCATALOG_COMPILER_GLOBAL_ACCENT_COLOR_NAME = AccentColor;
				ASSETCATALOG_COMPILER_INCLUDE_ALL_APPICON_ASSETS = YES;
				CODE_SIGN_STYLE = Automatic;
				CURRENT_PROJECT_VERSION = 1;
				DEVELOPMENT_ASSET_PATHS = "\"ShortTaskMemo/Preview Content\"";
				DEVELOPMENT_TEAM = 7PSW8M3W4F;
				ENABLE_PREVIEWS = YES;
				GENERATE_INFOPLIST_FILE = YES;
				INFOPLIST_KEY_CFBundleDisplayName = ShortTaskMemo;
				INFOPLIST_KEY_LSApplicationCategoryType = "public.app-category.business";
				INFOPLIST_KEY_UIApplicationSceneManifest_Generation = YES;
				INFOPLIST_KEY_UIApplicationSupportsIndirectInputEvents = YES;
				INFOPLIST_KEY_UILaunchScreen_Generation = YES;
				INFOPLIST_KEY_UIStatusBarStyle = "";
				INFOPLIST_KEY_UISupportedInterfaceOrientations_iPad = "UIInterfaceOrientationPortrait UIInterfaceOrientationPortraitUpsideDown UIInterfaceOrientationLandscapeLeft UIInterfaceOrientationLandscapeRight";
				INFOPLIST_KEY_UISupportedInterfaceOrientations_iPhone = "UIInterfaceOrientationPortrait UIInterfaceOrientationLandscapeLeft UIInterfaceOrientationLandscapeRight";
				LD_RUNPATH_SEARCH_PATHS = (
					"$(inherited)",
					"@executable_path/Frameworks",
				);
				MARKETING_VERSION = 1.0;
				PRODUCT_BUNDLE_IDENTIFIER = com.watanabe.ShortTaskMemo;
				PRODUCT_NAME = "$(TARGET_NAME)";
				SWIFT_EMIT_LOC_STRINGS = YES;
				SWIFT_VERSION = 5.0;
				TARGETED_DEVICE_FAMILY = "1,2";
			};
			name = Debug;
		};
		8BE7D8C729ABE85B0086DABA /* Release */ = {
			isa = XCBuildConfiguration;
			buildSettings = {
				ASSETCATALOG_COMPILER_APPICON_NAME = AppIcon;
				ASSETCATALOG_COMPILER_GLOBAL_ACCENT_COLOR_NAME = AccentColor;
				ASSETCATALOG_COMPILER_INCLUDE_ALL_APPICON_ASSETS = YES;
				CODE_SIGN_STYLE = Automatic;
				CURRENT_PROJECT_VERSION = 1;
				DEVELOPMENT_ASSET_PATHS = "\"ShortTaskMemo/Preview Content\"";
				DEVELOPMENT_TEAM = 7PSW8M3W4F;
				ENABLE_PREVIEWS = YES;
				GENERATE_INFOPLIST_FILE = YES;
				INFOPLIST_KEY_CFBundleDisplayName = ShortTaskMemo;
				INFOPLIST_KEY_LSApplicationCategoryType = "public.app-category.business";
				INFOPLIST_KEY_UIApplicationSceneManifest_Generation = YES;
				INFOPLIST_KEY_UIApplicationSupportsIndirectInputEvents = YES;
				INFOPLIST_KEY_UILaunchScreen_Generation = YES;
				INFOPLIST_KEY_UIStatusBarStyle = "";
				INFOPLIST_KEY_UISupportedInterfaceOrientations_iPad = "UIInterfaceOrientationPortrait UIInterfaceOrientationPortraitUpsideDown UIInterfaceOrientationLandscapeLeft UIInterfaceOrientationLandscapeRight";
				INFOPLIST_KEY_UISupportedInterfaceOrientations_iPhone = "UIInterfaceOrientationPortrait UIInterfaceOrientationLandscapeLeft UIInterfaceOrientationLandscapeRight";
				LD_RUNPATH_SEARCH_PATHS = (
					"$(inherited)",
					"@executable_path/Frameworks",
				);
				MARKETING_VERSION = 1.0;
				PRODUCT_BUNDLE_IDENTIFIER = com.watanabe.ShortTaskMemo;
				PRODUCT_NAME = "$(TARGET_NAME)";
				SWIFT_EMIT_LOC_STRINGS = YES;
				SWIFT_VERSION = 5.0;
				TARGETED_DEVICE_FAMILY = "1,2";
			};
			name = Release;
		};
/* End XCBuildConfiguration section */

/* Begin XCConfigurationList section */
		8BE7D8B229ABE85A0086DABA /* Build configuration list for PBXProject "ShortTaskMemo" */ = {
			isa = XCConfigurationList;
			buildConfigurations = (
				8BE7D8C329ABE85B0086DABA /* Debug */,
				8BE7D8C429ABE85B0086DABA /* Release */,
			);
			defaultConfigurationIsVisible = 0;
			defaultConfigurationName = Release;
		};
		8BE7D8C529ABE85B0086DABA /* Build configuration list for PBXNativeTarget "ShortTaskMemo" */ = {
			isa = XCConfigurationList;
			buildConfigurations = (
				8BE7D8C629ABE85B0086DABA /* Debug */,
				8BE7D8C729ABE85B0086DABA /* Release */,
			);
			defaultConfigurationIsVisible = 0;
			defaultConfigurationName = Release;
		};
/* End XCConfigurationList section */
	};
	rootObject = 8BE7D8AF29ABE85A0086DABA /* Project object */;
}
